
Microsoft Visual Studio Solution File, Format Version 12.00
# Visual Studio 15
VisualStudioVersion = 15.0.28010.2019
MinimumVisualStudioVersion = 10.0.40219.1
Project("{FAE04EC0-301F-11D3-BF4B-00C04F79EFBC}") = "Timer-StopWatch", "TImer-StopWatch\Timer-StopWatch.csproj", "{1ABA7457-EDCC-4E9D-BAD5-2D04B1889486}"
EndProject
Global
	GlobalSection(SolutionConfigurationPlatforms) = preSolution
		Debug|Any CPU = Debug|Any CPU
		Release|Any CPU = Release|Any CPU
	EndGlobalSection
	GlobalSection(ProjectConfigurationPlatforms) = postSolution
		{1ABA7457-EDCC-4E9D-BAD5-2D04B1889486}.Debug|Any CPU.ActiveCfg = Debug|Any CPU
		{1ABA7457-EDCC-4E9D-BAD5-2D04B1889486}.Debug|Any CPU.Build.0 = Debug|Any CPU
		{1ABA7457-EDCC-4E9D-BAD5-2D04B1889486}.Release|Any CPU.ActiveCfg = Release|Any CPU
		{1ABA7457-EDCC-4E9D-BAD5-2D04B1889486}.Release|Any CPU.Build.0 = Release|Any CPU
	EndGlobalSection
	GlobalSection(SolutionProperties) = preSolution
		HideSolutionNode = FALSE
	EndGlobalSection
	GlobalSection(ExtensibilityGlobals) = postSolution
		SolutionGuid = {1FF47D21-6BAC-4930-B90A-B30BCD00D463}
	EndGlobalSection
EndGlobal
